
Microsoft Visual Studio Solution File, Format Version 12.00
# Visual Studio Version 17
VisualStudioVersion = 17.4.33213.308
MinimumVisualStudioVersion = 10.0.40219.1
Project("{2150E333-8FDC-42A3-9474-1A3956D46DE8}") = "Solution Items", "Solution Items", "{A19706AA-5718-4051-9422-B488F73FF272}"
	ProjectSection(SolutionItems) = preProject
		Readme.md = Readme.md
	EndProjectSection
EndProject
Project("{9A19103F-16F7-4668-BE54-9A1E7A4F7556}") = "WinFormsADODemo", "WinFormsADODemo\WinFormsADODemo.csproj", "{22503D04-60A7-49C8-A330-E64782D5D8AF}"
EndProject
Project("{FAE04EC0-301F-11D3-BF4B-00C04F79EFBC}") = "WindowsFormsAdoNetDm", "WindowsFormsAdoNetDm\WindowsFormsAdoNetDm.csproj", "{6A9274B4-B178-4DED-957D-813B3DF76303}"
EndProject
Project("{9A19103F-16F7-4668-BE54-9A1E7A4F7556}") = "ADONET.Models", "ADONET.Models\ADONET.Models.csproj", "{E4970CFF-27AE-4D14-841E-7AE02635ED16}"
EndProject
Project("{9A19103F-16F7-4668-BE54-9A1E7A4F7556}") = "ADONETWPFEF", "ADONETWPFEF\ADONETWPFEF.csproj", "{D658C5B9-8248-4D03-8010-44504CEBA081}"
EndProject
Project("{2150E333-8FDC-42A3-9474-1A3956D46DE8}") = "EFCore", "EFCore", "{CE687BDE-0E6C-49B3-9080-AF9C56E944F0}"
EndProject
Project("{9A19103F-16F7-4668-BE54-9A1E7A4F7556}") = "EFCoreDemo", "EFCoreDemo\EFCoreDemo.csproj", "{69F36FD4-FFEB-4B94-8A90-5538F663CB6F}"
EndProject
Project("{9A19103F-16F7-4668-BE54-9A1E7A4F7556}") = "ADONet", "ADO.NET\ADONet\ADONet.csproj", "{EF6C3AEC-3229-4791-8233-AF6204740B2A}"
EndProject
Project("{9A19103F-16F7-4668-BE54-9A1E7A4F7556}") = "EFCoreDemoBaseExist", "EFCoreDemoBaseExist\EFCoreDemoBaseExist.csproj", "{33E3F107-43AA-4D40-B7E7-0764345EC6C3}"
EndProject
Project("{9A19103F-16F7-4668-BE54-9A1E7A4F7556}") = "EFCoreDemo.Models", "EFCoreDemo.Models\EFCoreDemo.Models.csproj", "{805DFE57-D099-4C44-B80B-7C31BB9117BC}"
EndProject
Project("{9A19103F-16F7-4668-BE54-9A1E7A4F7556}") = "ScoolJournal", "ScoolJournal\ScoolJournal.csproj", "{177F6547-A098-4534-9C90-EAA69FDF282D}"
EndProject
Project("{9A19103F-16F7-4668-BE54-9A1E7A4F7556}") = "DapperDemo", "DapperDemo\DapperDemo.csproj", "{2BAD4E43-AAD1-4242-923B-C79A99F43E87}"
EndProject
Project("{2150E333-8FDC-42A3-9474-1A3956D46DE8}") = "ADO.NET", "ADO.NET", "{ED61CDC0-33F0-46C0-AA28-B3802DAB51E4}"
EndProject
Project("{2150E333-8FDC-42A3-9474-1A3956D46DE8}") = "SystemProg", "SystemProg", "{8A6DF526-9BAB-4475-A757-C9A03B4F67C6}"
EndProject
Project("{9A19103F-16F7-4668-BE54-9A1E7A4F7556}") = "DLLImportDemo", "SystemProg\DLLImportDemo\DLLImportDemo.csproj", "{6A4FC5AF-9DB8-4756-8710-61B52D70BB74}"
EndProject
Project("{9A19103F-16F7-4668-BE54-9A1E7A4F7556}") = "ProcessDemo", "SystemProg\ProcessDemo\ProcessDemo.csproj", "{D791CD1F-9C5B-438A-A68A-2E0E53ACB256}"
EndProject
Project("{9A19103F-16F7-4668-BE54-9A1E7A4F7556}") = "Calc", "Calc\Calc.csproj", "{B1383AA1-565F-4725-9870-B40D95841D2E}"
EndProject
Project("{9A19103F-16F7-4668-BE54-9A1E7A4F7556}") = "WinFormsApp1", "WinFormsApp1\WinFormsApp1.csproj", "{6C5A7D6C-AD96-4340-9EA9-593EE6A2211F}"
EndProject
Project("{FAE04EC0-301F-11D3-BF4B-00C04F79EFBC}") = "WindowsFormsApp1", "WindowsFormsApp1\WindowsFormsApp1.csproj", "{CDE6B2E4-073B-4CC1-B475-74F33636DF86}"
EndProject
Project("{9A19103F-16F7-4668-BE54-9A1E7A4F7556}") = "ThreadDemo", "ThreadDemo\ThreadDemo.csproj", "{A5222115-1E02-44C2-AFA7-8C5285B1A1A8}"
EndProject
Project("{9A19103F-16F7-4668-BE54-9A1E7A4F7556}") = "MonitorDemo", "MonitorDemo\MonitorDemo.csproj", "{5B4A4184-B658-4516-AC38-2409E6C486F3}"
EndProject
Project("{9A19103F-16F7-4668-BE54-9A1E7A4F7556}") = "MutexDemo", "MutexDemo\MutexDemo.csproj", "{02B4EC8A-F2EF-4F52-A6B4-9F1FA20EFBA3}"
EndProject
Project("{9A19103F-16F7-4668-BE54-9A1E7A4F7556}") = "SemaphoreDemo", "SemaphoreDemo\SemaphoreDemo.csproj", "{8BB68412-E418-4D6C-8FA6-6E5547D97097}"
EndProject
Project("{9A19103F-16F7-4668-BE54-9A1E7A4F7556}") = "ThreadPoool", "ThreadPoool\ThreadPoool.csproj", "{3CB81FDC-324B-4082-B4BF-BB236400B6F3}"
EndProject
Project("{9A19103F-16F7-4668-BE54-9A1E7A4F7556}") = "TimerThreadDemo", "TimerThreadDemo\TimerThreadDemo.csproj", "{18FB8D94-9D71-49F7-8405-3DA82EB307C8}"
EndProject
Project("{9A19103F-16F7-4668-BE54-9A1E7A4F7556}") = "ParallelDemo", "ParallelDemo\ParallelDemo.csproj", "{6211B6CC-60A6-4D61-B07B-46560BAAA588}"
EndProject
Project("{2150E333-8FDC-42A3-9474-1A3956D46DE8}") = "NET programming", "NET programming", "{2B127698-93F7-4DF6-ADCA-05694F514C37}"
EndProject
Project("{FAE04EC0-301F-11D3-BF4B-00C04F79EFBC}") = "SocketDemo", "SocketDemo\SocketDemo.csproj", "{EB5DA05D-256B-42A8-BF28-A4FB3F8E2471}"
EndProject
Global
	GlobalSection(SolutionConfigurationPlatforms) = preSolution
		Debug|Any CPU = Debug|Any CPU
		Release|Any CPU = Release|Any CPU
	EndGlobalSection
	GlobalSection(ProjectConfigurationPlatforms) = postSolution
		{22503D04-60A7-49C8-A330-E64782D5D8AF}.Debug|Any CPU.ActiveCfg = Debug|Any CPU
		{22503D04-60A7-49C8-A330-E64782D5D8AF}.Debug|Any CPU.Build.0 = Debug|Any CPU
		{22503D04-60A7-49C8-A330-E64782D5D8AF}.Release|Any CPU.ActiveCfg = Release|Any CPU
		{22503D04-60A7-49C8-A330-E64782D5D8AF}.Release|Any CPU.Build.0 = Release|Any CPU
		{6A9274B4-B178-4DED-957D-813B3DF76303}.Debug|Any CPU.ActiveCfg = Debug|Any CPU
		{6A9274B4-B178-4DED-957D-813B3DF76303}.Debug|Any CPU.Build.0 = Debug|Any CPU
		{6A9274B4-B178-4DED-957D-813B3DF76303}.Release|Any CPU.ActiveCfg = Release|Any CPU
		{6A9274B4-B178-4DED-957D-813B3DF76303}.Release|Any CPU.Build.0 = Release|Any CPU
		{E4970CFF-27AE-4D14-841E-7AE02635ED16}.Debug|Any CPU.ActiveCfg = Debug|Any CPU
		{E4970CFF-27AE-4D14-841E-7AE02635ED16}.Debug|Any CPU.Build.0 = Debug|Any CPU
		{E4970CFF-27AE-4D14-841E-7AE02635ED16}.Release|Any CPU.ActiveCfg = Release|Any CPU
		{E4970CFF-27AE-4D14-841E-7AE02635ED16}.Release|Any CPU.Build.0 = Release|Any CPU
		{D658C5B9-8248-4D03-8010-44504CEBA081}.Debug|Any CPU.ActiveCfg = Debug|Any CPU
		{D658C5B9-8248-4D03-8010-44504CEBA081}.Debug|Any CPU.Build.0 = Debug|Any CPU
		{D658C5B9-8248-4D03-8010-44504CEBA081}.Release|Any CPU.ActiveCfg = Release|Any CPU
		{D658C5B9-8248-4D03-8010-44504CEBA081}.Release|Any CPU.Build.0 = Release|Any CPU
		{69F36FD4-FFEB-4B94-8A90-5538F663CB6F}.Debug|Any CPU.ActiveCfg = Debug|Any CPU
		{69F36FD4-FFEB-4B94-8A90-5538F663CB6F}.Debug|Any CPU.Build.0 = Debug|Any CPU
		{69F36FD4-FFEB-4B94-8A90-5538F663CB6F}.Release|Any CPU.ActiveCfg = Release|Any CPU
		{69F36FD4-FFEB-4B94-8A90-5538F663CB6F}.Release|Any CPU.Build.0 = Release|Any CPU
		{EF6C3AEC-3229-4791-8233-AF6204740B2A}.Debug|Any CPU.ActiveCfg = Debug|Any CPU
		{EF6C3AEC-3229-4791-8233-AF6204740B2A}.Debug|Any CPU.Build.0 = Debug|Any CPU
		{EF6C3AEC-3229-4791-8233-AF6204740B2A}.Release|Any CPU.ActiveCfg = Release|Any CPU
		{EF6C3AEC-3229-4791-8233-AF6204740B2A}.Release|Any CPU.Build.0 = Release|Any CPU
		{33E3F107-43AA-4D40-B7E7-0764345EC6C3}.Debug|Any CPU.ActiveCfg = Debug|Any CPU
		{33E3F107-43AA-4D40-B7E7-0764345EC6C3}.Debug|Any CPU.Build.0 = Debug|Any CPU
		{33E3F107-43AA-4D40-B7E7-0764345EC6C3}.Release|Any CPU.ActiveCfg = Release|Any CPU
		{33E3F107-43AA-4D40-B7E7-0764345EC6C3}.Release|Any CPU.Build.0 = Release|Any CPU
		{805DFE57-D099-4C44-B80B-7C31BB9117BC}.Debug|Any CPU.ActiveCfg = Debug|Any CPU
		{805DFE57-D099-4C44-B80B-7C31BB9117BC}.Debug|Any CPU.Build.0 = Debug|Any CPU
		{805DFE57-D099-4C44-B80B-7C31BB9117BC}.Release|Any CPU.ActiveCfg = Release|Any CPU
		{805DFE57-D099-4C44-B80B-7C31BB9117BC}.Release|Any CPU.Build.0 = Release|Any CPU
		{177F6547-A098-4534-9C90-EAA69FDF282D}.Debug|Any CPU.ActiveCfg = Debug|Any CPU
		{177F6547-A098-4534-9C90-EAA69FDF282D}.Debug|Any CPU.Build.0 = Debug|Any CPU
		{177F6547-A098-4534-9C90-EAA69FDF282D}.Release|Any CPU.ActiveCfg = Release|Any CPU
		{177F6547-A098-4534-9C90-EAA69FDF282D}.Release|Any CPU.Build.0 = Release|Any CPU
		{2BAD4E43-AAD1-4242-923B-C79A99F43E87}.Debug|Any CPU.ActiveCfg = Debug|Any CPU
		{2BAD4E43-AAD1-4242-923B-C79A99F43E87}.Debug|Any CPU.Build.0 = Debug|Any CPU
		{2BAD4E43-AAD1-4242-923B-C79A99F43E87}.Release|Any CPU.ActiveCfg = Release|Any CPU
		{2BAD4E43-AAD1-4242-923B-C79A99F43E87}.Release|Any CPU.Build.0 = Release|Any CPU
		{6A4FC5AF-9DB8-4756-8710-61B52D70BB74}.Debug|Any CPU.ActiveCfg = Debug|Any CPU
		{6A4FC5AF-9DB8-4756-8710-61B52D70BB74}.Debug|Any CPU.Build.0 = Debug|Any CPU
		{6A4FC5AF-9DB8-4756-8710-61B52D70BB74}.Release|Any CPU.ActiveCfg = Release|Any CPU
		{6A4FC5AF-9DB8-4756-8710-61B52D70BB74}.Release|Any CPU.Build.0 = Release|Any CPU
		{D791CD1F-9C5B-438A-A68A-2E0E53ACB256}.Debug|Any CPU.ActiveCfg = Debug|Any CPU
		{D791CD1F-9C5B-438A-A68A-2E0E53ACB256}.Debug|Any CPU.Build.0 = Debug|Any CPU
		{D791CD1F-9C5B-438A-A68A-2E0E53ACB256}.Release|Any CPU.ActiveCfg = Release|Any CPU
		{D791CD1F-9C5B-438A-A68A-2E0E53ACB256}.Release|Any CPU.Build.0 = Release|Any CPU
		{B1383AA1-565F-4725-9870-B40D95841D2E}.Debug|Any CPU.ActiveCfg = Debug|Any CPU
		{B1383AA1-565F-4725-9870-B40D95841D2E}.Debug|Any CPU.Build.0 = Debug|Any CPU
		{B1383AA1-565F-4725-9870-B40D95841D2E}.Release|Any CPU.ActiveCfg = Release|Any CPU
		{B1383AA1-565F-4725-9870-B40D95841D2E}.Release|Any CPU.Build.0 = Release|Any CPU
		{6C5A7D6C-AD96-4340-9EA9-593EE6A2211F}.Debug|Any CPU.ActiveCfg = Debug|Any CPU
		{6C5A7D6C-AD96-4340-9EA9-593EE6A2211F}.Debug|Any CPU.Build.0 = Debug|Any CPU
		{6C5A7D6C-AD96-4340-9EA9-593EE6A2211F}.Release|Any CPU.ActiveCfg = Release|Any CPU
		{6C5A7D6C-AD96-4340-9EA9-593EE6A2211F}.Release|Any CPU.Build.0 = Release|Any CPU
		{CDE6B2E4-073B-4CC1-B475-74F33636DF86}.Debug|Any CPU.ActiveCfg = Debug|Any CPU
		{CDE6B2E4-073B-4CC1-B475-74F33636DF86}.Debug|Any CPU.Build.0 = Debug|Any CPU
		{CDE6B2E4-073B-4CC1-B475-74F33636DF86}.Release|Any CPU.ActiveCfg = Release|Any CPU
		{CDE6B2E4-073B-4CC1-B475-74F33636DF86}.Release|Any CPU.Build.0 = Release|Any CPU
		{A5222115-1E02-44C2-AFA7-8C5285B1A1A8}.Debug|Any CPU.ActiveCfg = Debug|Any CPU
		{A5222115-1E02-44C2-AFA7-8C5285B1A1A8}.Debug|Any CPU.Build.0 = Debug|Any CPU
		{A5222115-1E02-44C2-AFA7-8C5285B1A1A8}.Release|Any CPU.ActiveCfg = Release|Any CPU
		{A5222115-1E02-44C2-AFA7-8C5285B1A1A8}.Release|Any CPU.Build.0 = Release|Any CPU
		{5B4A4184-B658-4516-AC38-2409E6C486F3}.Debug|Any CPU.ActiveCfg = Debug|Any CPU
		{5B4A4184-B658-4516-AC38-2409E6C486F3}.Debug|Any CPU.Build.0 = Debug|Any CPU
		{5B4A4184-B658-4516-AC38-2409E6C486F3}.Release|Any CPU.ActiveCfg = Release|Any CPU
		{5B4A4184-B658-4516-AC38-2409E6C486F3}.Release|Any CPU.Build.0 = Release|Any CPU
		{02B4EC8A-F2EF-4F52-A6B4-9F1FA20EFBA3}.Debug|Any CPU.ActiveCfg = Debug|Any CPU
		{02B4EC8A-F2EF-4F52-A6B4-9F1FA20EFBA3}.Debug|Any CPU.Build.0 = Debug|Any CPU
		{02B4EC8A-F2EF-4F52-A6B4-9F1FA20EFBA3}.Release|Any CPU.ActiveCfg = Release|Any CPU
		{02B4EC8A-F2EF-4F52-A6B4-9F1FA20EFBA3}.Release|Any CPU.Build.0 = Release|Any CPU
		{8BB68412-E418-4D6C-8FA6-6E5547D97097}.Debug|Any CPU.ActiveCfg = Debug|Any CPU
		{8BB68412-E418-4D6C-8FA6-6E5547D97097}.Debug|Any CPU.Build.0 = Debug|Any CPU
		{8BB68412-E418-4D6C-8FA6-6E5547D97097}.Release|Any CPU.ActiveCfg = Release|Any CPU
		{8BB68412-E418-4D6C-8FA6-6E5547D97097}.Release|Any CPU.Build.0 = Release|Any CPU
		{3CB81FDC-324B-4082-B4BF-BB236400B6F3}.Debug|Any CPU.ActiveCfg = Debug|Any CPU
		{3CB81FDC-324B-4082-B4BF-BB236400B6F3}.Debug|Any CPU.Build.0 = Debug|Any CPU
		{3CB81FDC-324B-4082-B4BF-BB236400B6F3}.Release|Any CPU.ActiveCfg = Release|Any CPU
		{3CB81FDC-324B-4082-B4BF-BB236400B6F3}.Release|Any CPU.Build.0 = Release|Any CPU
		{18FB8D94-9D71-49F7-8405-3DA82EB307C8}.Debug|Any CPU.ActiveCfg = Debug|Any CPU
		{18FB8D94-9D71-49F7-8405-3DA82EB307C8}.Debug|Any CPU.Build.0 = Debug|Any CPU
		{18FB8D94-9D71-49F7-8405-3DA82EB307C8}.Release|Any CPU.ActiveCfg = Release|Any CPU
		{18FB8D94-9D71-49F7-8405-3DA82EB307C8}.Release|Any CPU.Build.0 = Release|Any CPU
		{6211B6CC-60A6-4D61-B07B-46560BAAA588}.Debug|Any CPU.ActiveCfg = Debug|Any CPU
		{6211B6CC-60A6-4D61-B07B-46560BAAA588}.Debug|Any CPU.Build.0 = Debug|Any CPU
		{6211B6CC-60A6-4D61-B07B-46560BAAA588}.Release|Any CPU.ActiveCfg = Release|Any CPU
		{6211B6CC-60A6-4D61-B07B-46560BAAA588}.Release|Any CPU.Build.0 = Release|Any CPU
		{EB5DA05D-256B-42A8-BF28-A4FB3F8E2471}.Debug|Any CPU.ActiveCfg = Debug|Any CPU
		{EB5DA05D-256B-42A8-BF28-A4FB3F8E2471}.Debug|Any CPU.Build.0 = Debug|Any CPU
		{EB5DA05D-256B-42A8-BF28-A4FB3F8E2471}.Release|Any CPU.ActiveCfg = Release|Any CPU
		{EB5DA05D-256B-42A8-BF28-A4FB3F8E2471}.Release|Any CPU.Build.0 = Release|Any CPU
	EndGlobalSection
	GlobalSection(SolutionProperties) = preSolution
		HideSolutionNode = FALSE
	EndGlobalSection
	GlobalSection(NestedProjects) = preSolution
		{22503D04-60A7-49C8-A330-E64782D5D8AF} = {ED61CDC0-33F0-46C0-AA28-B3802DAB51E4}
		{6A9274B4-B178-4DED-957D-813B3DF76303} = {ED61CDC0-33F0-46C0-AA28-B3802DAB51E4}
		{E4970CFF-27AE-4D14-841E-7AE02635ED16} = {ED61CDC0-33F0-46C0-AA28-B3802DAB51E4}
		{D658C5B9-8248-4D03-8010-44504CEBA081} = {ED61CDC0-33F0-46C0-AA28-B3802DAB51E4}
		{CE687BDE-0E6C-49B3-9080-AF9C56E944F0} = {ED61CDC0-33F0-46C0-AA28-B3802DAB51E4}
		{69F36FD4-FFEB-4B94-8A90-5538F663CB6F} = {CE687BDE-0E6C-49B3-9080-AF9C56E944F0}
		{EF6C3AEC-3229-4791-8233-AF6204740B2A} = {ED61CDC0-33F0-46C0-AA28-B3802DAB51E4}
		{33E3F107-43AA-4D40-B7E7-0764345EC6C3} = {CE687BDE-0E6C-49B3-9080-AF9C56E944F0}
		{805DFE57-D099-4C44-B80B-7C31BB9117BC} = {CE687BDE-0E6C-49B3-9080-AF9C56E944F0}
		{177F6547-A098-4534-9C90-EAA69FDF282D} = {CE687BDE-0E6C-49B3-9080-AF9C56E944F0}
		{2BAD4E43-AAD1-4242-923B-C79A99F43E87} = {CE687BDE-0E6C-49B3-9080-AF9C56E944F0}
		{6A4FC5AF-9DB8-4756-8710-61B52D70BB74} = {8A6DF526-9BAB-4475-A757-C9A03B4F67C6}
		{D791CD1F-9C5B-438A-A68A-2E0E53ACB256} = {8A6DF526-9BAB-4475-A757-C9A03B4F67C6}
		{B1383AA1-565F-4725-9870-B40D95841D2E} = {8A6DF526-9BAB-4475-A757-C9A03B4F67C6}
		{6C5A7D6C-AD96-4340-9EA9-593EE6A2211F} = {8A6DF526-9BAB-4475-A757-C9A03B4F67C6}
		{CDE6B2E4-073B-4CC1-B475-74F33636DF86} = {8A6DF526-9BAB-4475-A757-C9A03B4F67C6}
		{A5222115-1E02-44C2-AFA7-8C5285B1A1A8} = {8A6DF526-9BAB-4475-A757-C9A03B4F67C6}
		{5B4A4184-B658-4516-AC38-2409E6C486F3} = {8A6DF526-9BAB-4475-A757-C9A03B4F67C6}
		{02B4EC8A-F2EF-4F52-A6B4-9F1FA20EFBA3} = {8A6DF526-9BAB-4475-A757-C9A03B4F67C6}
		{8BB68412-E418-4D6C-8FA6-6E5547D97097} = {8A6DF526-9BAB-4475-A757-C9A03B4F67C6}
		{3CB81FDC-324B-4082-B4BF-BB236400B6F3} = {8A6DF526-9BAB-4475-A757-C9A03B4F67C6}
		{18FB8D94-9D71-49F7-8405-3DA82EB307C8} = {8A6DF526-9BAB-4475-A757-C9A03B4F67C6}
		{6211B6CC-60A6-4D61-B07B-46560BAAA588} = {8A6DF526-9BAB-4475-A757-C9A03B4F67C6}
		{EB5DA05D-256B-42A8-BF28-A4FB3F8E2471} = {2B127698-93F7-4DF6-ADCA-05694F514C37}
	EndGlobalSection
	GlobalSection(ExtensibilityGlobals) = postSolution
		SolutionGuid = {E09808AB-58C3-422F-AB2A-1D10CC398705}
	EndGlobalSection
EndGlobal
